
Microsoft Visual Studio Solution File, Format Version 12.00
# Visual Studio 15
VisualStudioVersion = 15.0.27703.2042
MinimumVisualStudioVersion = 10.0.40219.1
Project("{FAE04EC0-301F-11D3-BF4B-00C04F79EFBC}") = "FastDataTool", "FastDataTool\FastDataTool.csproj", "{5A2632BE-6FF3-48C7-962A-1C3212C4BA42}"
EndProject
Project("{FAE04EC0-301F-11D3-BF4B-00C04F79EFBC}") = "DataModel", "DataModel\DataModel.csproj", "{8CF1D117-E0D2-4698-A915-8837231C62C4}"
EndProject
Global
	GlobalSection(SolutionConfigurationPlatforms) = preSolution
		Debug|Any CPU = Debug|Any CPU
		Release|Any CPU = Release|Any CPU
	EndGlobalSection
	GlobalSection(ProjectConfigurationPlatforms) = postSolution
		{5A2632BE-6FF3-48C7-962A-1C3212C4BA42}.Debug|Any CPU.ActiveCfg = Debug|Any CPU
		{5A2632BE-6FF3-48C7-962A-1C3212C4BA42}.Debug|Any CPU.Build.0 = Debug|Any CPU
		{5A2632BE-6FF3-48C7-962A-1C3212C4BA42}.Release|Any CPU.ActiveCfg = Release|Any CPU
		{5A2632BE-6FF3-48C7-962A-1C3212C4BA42}.Release|Any CPU.Build.0 = Release|Any CPU
		{8CF1D117-E0D2-4698-A915-8837231C62C4}.Debug|Any CPU.ActiveCfg = Debug|Any CPU
		{8CF1D117-E0D2-4698-A915-8837231C62C4}.Debug|Any CPU.Build.0 = Debug|Any CPU
		{8CF1D117-E0D2-4698-A915-8837231C62C4}.Release|Any CPU.ActiveCfg = Release|Any CPU
		{8CF1D117-E0D2-4698-A915-8837231C62C4}.Release|Any CPU.Build.0 = Release|Any CPU
	EndGlobalSection
	GlobalSection(SolutionProperties) = preSolution
		HideSolutionNode = FALSE
	EndGlobalSection
	GlobalSection(ExtensibilityGlobals) = postSolution
		SolutionGuid = {0BE3CBA9-02DD-4404-B048-708F7A959C75}
	EndGlobalSection
EndGlobal
